
Microsoft Visual Studio Solution File, Format Version 12.00
# Visual Studio 15
VisualStudioVersion = 15.0.28307.572
MinimumVisualStudioVersion = 10.0.40219.1
Project("{FAE04EC0-301F-11D3-BF4B-00C04F79EFBC}") = "AbtonPower", "AbtonPower\AbtonPower.csproj", "{375BD016-EC31-4AF7-AF3E-2DB4D0CF3898}"
EndProject
Global
	GlobalSection(SolutionConfigurationPlatforms) = preSolution
		Debug|Any CPU = Debug|Any CPU
		Release|Any CPU = Release|Any CPU
	EndGlobalSection
	GlobalSection(ProjectConfigurationPlatforms) = postSolution
		{375BD016-EC31-4AF7-AF3E-2DB4D0CF3898}.Debug|Any CPU.ActiveCfg = Debug|Any CPU
		{375BD016-EC31-4AF7-AF3E-2DB4D0CF3898}.Debug|Any CPU.Build.0 = Debug|Any CPU
		{375BD016-EC31-4AF7-AF3E-2DB4D0CF3898}.Release|Any CPU.ActiveCfg = Release|Any CPU
		{375BD016-EC31-4AF7-AF3E-2DB4D0CF3898}.Release|Any CPU.Build.0 = Release|Any CPU
	EndGlobalSection
	GlobalSection(SolutionProperties) = preSolution
		HideSolutionNode = FALSE
	EndGlobalSection
	GlobalSection(ExtensibilityGlobals) = postSolution
		SolutionGuid = {28E93C98-046E-4D2A-B742-0F713B2FA958}
	EndGlobalSection
EndGlobal
